
Microsoft Visual Studio Solution File, Format Version 12.00
# Visual Studio Version 16
VisualStudioVersion = 16.0.30104.148
MinimumVisualStudioVersion = 10.0.40219.1
Project("{FAE04EC0-301F-11D3-BF4B-00C04F79EFBC}") = "HTML", "HTML\HTML.csproj", "{837B07F4-8DE3-4641-8FF3-AF10074A1207}"
EndProject
Global
	GlobalSection(SolutionConfigurationPlatforms) = preSolution
		Debug|Any CPU = Debug|Any CPU
		Release|Any CPU = Release|Any CPU
	EndGlobalSection
	GlobalSection(ProjectConfigurationPlatforms) = postSolution
		{837B07F4-8DE3-4641-8FF3-AF10074A1207}.Debug|Any CPU.ActiveCfg = Debug|Any CPU
		{837B07F4-8DE3-4641-8FF3-AF10074A1207}.Debug|Any CPU.Build.0 = Debug|Any CPU
		{837B07F4-8DE3-4641-8FF3-AF10074A1207}.Release|Any CPU.ActiveCfg = Release|Any CPU
		{837B07F4-8DE3-4641-8FF3-AF10074A1207}.Release|Any CPU.Build.0 = Release|Any CPU
	EndGlobalSection
	GlobalSection(SolutionProperties) = preSolution
		HideSolutionNode = FALSE
	EndGlobalSection
	GlobalSection(ExtensibilityGlobals) = postSolution
		SolutionGuid = {BD5669B3-23C2-4773-8F9A-64F23FA69863}
	EndGlobalSection
EndGlobal
